
Microsoft Visual Studio Solution File, Format Version 12.00
# Visual Studio Version 17
VisualStudioVersion = 17.1.32407.343
MinimumVisualStudioVersion = 10.0.40219.1
Project("{9A19103F-16F7-4668-BE54-9A1E7A4F7556}") = "AuraDeity", "AuraDeity.csproj", "{651DBF3A-710F-46CE-8219-3DA4D6BB7155}"
EndProject
Project("{9A19103F-16F7-4668-BE54-9A1E7A4F7556}") = "Interfaces", "..\Interfaces\Interfaces.csproj", "{0A856374-B428-407B-8122-910F78D92E6E}"
EndProject
Project("{9A19103F-16F7-4668-BE54-9A1E7A4F7556}") = "Models", "..\Models\Models.csproj", "{0270D96E-CECE-4218-A9F8-CB3F7A5AEC2E}"
EndProject
Project("{9A19103F-16F7-4668-BE54-9A1E7A4F7556}") = "Logic", "..\Logic\Logic.csproj", "{9F5CBE93-F7E1-4BCC-9B19-1C011A57BFBE}"
EndProject
Project("{9A19103F-16F7-4668-BE54-9A1E7A4F7556}") = "DataAccess", "..\Entities\DataAccess.csproj", "{B1B4A0FB-587F-48C0-9DA1-AE42EE86DF94}"
EndProject
Global
	GlobalSection(SolutionConfigurationPlatforms) = preSolution
		Debug|Any CPU = Debug|Any CPU
		Release|Any CPU = Release|Any CPU
	EndGlobalSection
	GlobalSection(ProjectConfigurationPlatforms) = postSolution
		{651DBF3A-710F-46CE-8219-3DA4D6BB7155}.Debug|Any CPU.ActiveCfg = Debug|Any CPU
		{651DBF3A-710F-46CE-8219-3DA4D6BB7155}.Debug|Any CPU.Build.0 = Debug|Any CPU
		{651DBF3A-710F-46CE-8219-3DA4D6BB7155}.Release|Any CPU.ActiveCfg = Release|Any CPU
		{651DBF3A-710F-46CE-8219-3DA4D6BB7155}.Release|Any CPU.Build.0 = Release|Any CPU
		{0A856374-B428-407B-8122-910F78D92E6E}.Debug|Any CPU.ActiveCfg = Debug|Any CPU
		{0A856374-B428-407B-8122-910F78D92E6E}.Debug|Any CPU.Build.0 = Debug|Any CPU
		{0A856374-B428-407B-8122-910F78D92E6E}.Release|Any CPU.ActiveCfg = Release|Any CPU
		{0A856374-B428-407B-8122-910F78D92E6E}.Release|Any CPU.Build.0 = Release|Any CPU
		{0270D96E-CECE-4218-A9F8-CB3F7A5AEC2E}.Debug|Any CPU.ActiveCfg = Debug|Any CPU
		{0270D96E-CECE-4218-A9F8-CB3F7A5AEC2E}.Debug|Any CPU.Build.0 = Debug|Any CPU
		{0270D96E-CECE-4218-A9F8-CB3F7A5AEC2E}.Release|Any CPU.ActiveCfg = Release|Any CPU
		{0270D96E-CECE-4218-A9F8-CB3F7A5AEC2E}.Release|Any CPU.Build.0 = Release|Any CPU
		{9F5CBE93-F7E1-4BCC-9B19-1C011A57BFBE}.Debug|Any CPU.ActiveCfg = Debug|Any CPU
		{9F5CBE93-F7E1-4BCC-9B19-1C011A57BFBE}.Debug|Any CPU.Build.0 = Debug|Any CPU
		{9F5CBE93-F7E1-4BCC-9B19-1C011A57BFBE}.Release|Any CPU.ActiveCfg = Release|Any CPU
		{9F5CBE93-F7E1-4BCC-9B19-1C011A57BFBE}.Release|Any CPU.Build.0 = Release|Any CPU
		{B1B4A0FB-587F-48C0-9DA1-AE42EE86DF94}.Debug|Any CPU.ActiveCfg = Debug|Any CPU
		{B1B4A0FB-587F-48C0-9DA1-AE42EE86DF94}.Debug|Any CPU.Build.0 = Debug|Any CPU
		{B1B4A0FB-587F-48C0-9DA1-AE42EE86DF94}.Release|Any CPU.ActiveCfg = Release|Any CPU
		{B1B4A0FB-587F-48C0-9DA1-AE42EE86DF94}.Release|Any CPU.Build.0 = Release|Any CPU
	EndGlobalSection
	GlobalSection(SolutionProperties) = preSolution
		HideSolutionNode = FALSE
	EndGlobalSection
	GlobalSection(ExtensibilityGlobals) = postSolution
		SolutionGuid = {75F0758D-FC4F-4BF5-9615-AE2DFC50447A}
	EndGlobalSection
EndGlobal
